
Microsoft Visual Studio Solution File, Format Version 12.00
# Visual Studio Version 16
VisualStudioVersion = 16.0.31702.278
MinimumVisualStudioVersion = 10.0.40219.1
Project("{FAE04EC0-301F-11D3-BF4B-00C04F79EFBC}") = "Calculator", "SelfTesting\Calculator.csproj", "{6AE79319-0AEC-465B-8313-FD1B19C4A14A}"
EndProject
Global
	GlobalSection(SolutionConfigurationPlatforms) = preSolution
		Debug|Any CPU = Debug|Any CPU
		Release|Any CPU = Release|Any CPU
	EndGlobalSection
	GlobalSection(ProjectConfigurationPlatforms) = postSolution
		{6AE79319-0AEC-465B-8313-FD1B19C4A14A}.Debug|Any CPU.ActiveCfg = Debug|Any CPU
		{6AE79319-0AEC-465B-8313-FD1B19C4A14A}.Debug|Any CPU.Build.0 = Debug|Any CPU
		{6AE79319-0AEC-465B-8313-FD1B19C4A14A}.Release|Any CPU.ActiveCfg = Release|Any CPU
		{6AE79319-0AEC-465B-8313-FD1B19C4A14A}.Release|Any CPU.Build.0 = Release|Any CPU
	EndGlobalSection
	GlobalSection(SolutionProperties) = preSolution
		HideSolutionNode = FALSE
	EndGlobalSection
	GlobalSection(ExtensibilityGlobals) = postSolution
		SolutionGuid = {F26ED074-4C4F-4083-9846-162D06AE9CA5}
	EndGlobalSection
EndGlobal
